
Microsoft Visual Studio Solution File, Format Version 12.00
# Visual Studio Version 17
VisualStudioVersion = 17.14.36705.20 d17.14
MinimumVisualStudioVersion = 10.0.40219.1
Project("{FAE04EC0-301F-11D3-BF4B-00C04F79EFBC}") = "Technoteam", "Technoteam.csproj", "{2B757A80-A731-4FF2-A9A0-24D37CE5C9C1}"
EndProject
Global
	GlobalSection(SolutionConfigurationPlatforms) = preSolution
		Debug|Any CPU = Debug|Any CPU
		Release|Any CPU = Release|Any CPU
	EndGlobalSection
	GlobalSection(ProjectConfigurationPlatforms) = postSolution
		{2B757A80-A731-4FF2-A9A0-24D37CE5C9C1}.Debug|Any CPU.ActiveCfg = Debug|Any CPU
		{2B757A80-A731-4FF2-A9A0-24D37CE5C9C1}.Debug|Any CPU.Build.0 = Debug|Any CPU
		{2B757A80-A731-4FF2-A9A0-24D37CE5C9C1}.Release|Any CPU.ActiveCfg = Release|Any CPU
		{2B757A80-A731-4FF2-A9A0-24D37CE5C9C1}.Release|Any CPU.Build.0 = Release|Any CPU
	EndGlobalSection
	GlobalSection(SolutionProperties) = preSolution
		HideSolutionNode = FALSE
	EndGlobalSection
	GlobalSection(ExtensibilityGlobals) = postSolution
		SolutionGuid = {58D861D2-2DC0-474D-AD77-5AEA49D394B2}
	EndGlobalSection
EndGlobal
